
Microsoft Visual Studio Solution File, Format Version 12.00
# Visual Studio 2013
VisualStudioVersion = 12.0.21005.1
MinimumVisualStudioVersion = 10.0.40219.1
Project("{FAE04EC0-301F-11D3-BF4B-00C04F79EFBC}") = "DtxModel", "DtxModel\DtxModel.csproj", "{49A79BD4-9166-4BB2-BD7F-E0747B643166}"
EndProject
Project("{FAE04EC0-301F-11D3-BF4B-00C04F79EFBC}") = "DtxModelTests", "DtxModelTests\DtxModelTests.csproj", "{6F5EF738-E845-45DE-9FC8-4BF9CDFA7C5B}"
EndProject
Project("{FAE04EC0-301F-11D3-BF4B-00C04F79EFBC}") = "DtxModelGenerator", "DtxModelGenerator\DtxModelGenerator.csproj", "{E6CAEF2F-E3F9-44C6-B6EC-0B2AC642462F}"
EndProject
Global
	GlobalSection(TeamFoundationVersionControl) = preSolution
		SccNumberOfProjects = 4
		SccEnterpriseProvider = {4CA58AB2-18FA-4F8D-95D4-32DDF27D184C}
		SccTeamFoundationServer = https://djgosnell.visualstudio.com/defaultcollection
		SccLocalPath0 = .
		SccProjectUniqueName1 = DtxModel\\DtxModel.csproj
		SccProjectName1 = DtxModel
		SccLocalPath1 = DtxModel
		SccProjectUniqueName2 = DtxModelTests\\DtxModelTests.csproj
		SccProjectName2 = DtxModelTests
		SccLocalPath2 = DtxModelTests
		SccProjectUniqueName3 = DtxModelGenerator\\DtxModelGenerator.csproj
		SccProjectName3 = DtxModelGenerator
		SccLocalPath3 = DtxModelGenerator
	EndGlobalSection
	GlobalSection(SolutionConfigurationPlatforms) = preSolution
		Debug|Any CPU = Debug|Any CPU
		Release|Any CPU = Release|Any CPU
	EndGlobalSection
	GlobalSection(ProjectConfigurationPlatforms) = postSolution
		{49A79BD4-9166-4BB2-BD7F-E0747B643166}.Debug|Any CPU.ActiveCfg = Debug|Any CPU
		{49A79BD4-9166-4BB2-BD7F-E0747B643166}.Debug|Any CPU.Build.0 = Debug|Any CPU
		{49A79BD4-9166-4BB2-BD7F-E0747B643166}.Release|Any CPU.ActiveCfg = Release|Any CPU
		{49A79BD4-9166-4BB2-BD7F-E0747B643166}.Release|Any CPU.Build.0 = Release|Any CPU
		{6F5EF738-E845-45DE-9FC8-4BF9CDFA7C5B}.Debug|Any CPU.ActiveCfg = Debug|Any CPU
		{6F5EF738-E845-45DE-9FC8-4BF9CDFA7C5B}.Debug|Any CPU.Build.0 = Debug|Any CPU
		{6F5EF738-E845-45DE-9FC8-4BF9CDFA7C5B}.Release|Any CPU.ActiveCfg = Release|Any CPU
		{6F5EF738-E845-45DE-9FC8-4BF9CDFA7C5B}.Release|Any CPU.Build.0 = Release|Any CPU
		{E6CAEF2F-E3F9-44C6-B6EC-0B2AC642462F}.Debug|Any CPU.ActiveCfg = Debug|Any CPU
		{E6CAEF2F-E3F9-44C6-B6EC-0B2AC642462F}.Debug|Any CPU.Build.0 = Debug|Any CPU
		{E6CAEF2F-E3F9-44C6-B6EC-0B2AC642462F}.Release|Any CPU.ActiveCfg = Release|Any CPU
		{E6CAEF2F-E3F9-44C6-B6EC-0B2AC642462F}.Release|Any CPU.Build.0 = Release|Any CPU
	EndGlobalSection
	GlobalSection(SolutionProperties) = preSolution
		HideSolutionNode = FALSE
	EndGlobalSection
EndGlobal
